
Microsoft Visual Studio Solution File, Format Version 12.00
# Visual Studio Version 16
VisualStudioVersion = 16.0.31424.327
MinimumVisualStudioVersion = 10.0.40219.1
Project("{FAE04EC0-301F-11D3-BF4B-00C04F79EFBC}") = "dell-aula-2.3", "dell-aula-2.3\dell-aula-2.3.csproj", "{CE6D7E18-42EE-4251-A28A-A31D4C0055E6}"
EndProject
Global
	GlobalSection(SolutionConfigurationPlatforms) = preSolution
		Debug|Any CPU = Debug|Any CPU
		Release|Any CPU = Release|Any CPU
	EndGlobalSection
	GlobalSection(ProjectConfigurationPlatforms) = postSolution
		{CE6D7E18-42EE-4251-A28A-A31D4C0055E6}.Debug|Any CPU.ActiveCfg = Debug|Any CPU
		{CE6D7E18-42EE-4251-A28A-A31D4C0055E6}.Debug|Any CPU.Build.0 = Debug|Any CPU
		{CE6D7E18-42EE-4251-A28A-A31D4C0055E6}.Release|Any CPU.ActiveCfg = Release|Any CPU
		{CE6D7E18-42EE-4251-A28A-A31D4C0055E6}.Release|Any CPU.Build.0 = Release|Any CPU
	EndGlobalSection
	GlobalSection(SolutionProperties) = preSolution
		HideSolutionNode = FALSE
	EndGlobalSection
	GlobalSection(ExtensibilityGlobals) = postSolution
		SolutionGuid = {043DA602-332E-492B-9FB0-574B4AF84538}
	EndGlobalSection
EndGlobal
